{
  "version": 4,
  "terraform_version": "1.9.5",
  "serial": 10,
  "lineage": "595aae1e-f619-0982-32ca-9dc19b81ab4b",
  "outputs": {
    "droplet_ip": {
      "value": "167.172.142.200",
      "type": "string"
    }
  },
  "resources": [
    {
      "mode": "managed",
      "type": "digitalocean_domain",
      "name": "domain",
      "provider": "provider[\"registry.terraform.io/digitalocean/digitalocean\"]",
      "instances": [
        {
          "schema_version": 0,
          "attributes": {
            "id": "k3vinwvng.com",
            "ip_address": null,
            "name": "k3vinwvng.com",
            "ttl": 1800,
            "urn": "do:domain:k3vinwvng.com"
          },
          "sensitive_attributes": [],
          "private": "bnVsbA=="
        }
      ]
    },
    {
      "mode": "managed",
      "type": "digitalocean_droplet",
      "name": "k3vinwvng",
      "provider": "provider[\"registry.terraform.io/digitalocean/digitalocean\"]",
      "instances": [
        {
          "schema_version": 1,
          "attributes": {
            "backups": false,
            "created_at": "2024-09-08T23:57:04Z",
            "disk": 25,
            "droplet_agent": null,
            "graceful_shutdown": false,
            "id": "444047875",
            "image": "ubuntu-20-04-x64",
            "ipv4_address": "167.172.142.200",
            "ipv4_address_private": "10.116.0.2",
            "ipv6": false,
            "ipv6_address": "",
            "locked": false,
            "memory": 1024,
            "monitoring": true,
            "name": "k3vinwvng-droplet",
            "price_hourly": 0.00893,
            "price_monthly": 6,
            "private_networking": true,
            "region": "nyc1",
            "resize_disk": true,
            "size": "s-1vcpu-1gb",
            "ssh_keys": [
              "43317239"
            ],
            "status": "active",
            "tags": [
              "web"
            ],
            "timeouts": null,
            "urn": "do:droplet:444047875",
            "user_data": "f7df602aa5c3423103f1d3f29904797ff287da66",
            "vcpus": 1,
            "volume_ids": [],
            "vpc_uuid": "8c8de331-027f-47da-bfca-57570945819f"
          },
          "sensitive_attributes": [],
          "private": "eyJlMmJmYjczMC1lY2FhLTExZTYtOGY4OC0zNDM2M2JjN2M0YzAiOnsiY3JlYXRlIjozNjAwMDAwMDAwMDAwLCJkZWxldGUiOjYwMDAwMDAwMDAwLCJ1cGRhdGUiOjM2MDAwMDAwMDAwMDB9LCJzY2hlbWFfdmVyc2lvbiI6IjEifQ==",
          "dependencies": [
            "digitalocean_ssh_key.k3vinwvng"
          ]
        }
      ]
    },
    {
      "mode": "managed",
      "type": "digitalocean_record",
      "name": "default",
      "provider": "provider[\"registry.terraform.io/digitalocean/digitalocean\"]",
      "instances": [
        {
          "schema_version": 0,
          "attributes": {
            "domain": "k3vinwvng.com",
            "flags": 0,
            "fqdn": "k3vinwvng.com",
            "id": "1751864561",
            "name": "@",
            "port": 0,
            "priority": 0,
            "tag": "",
            "ttl": 1800,
            "type": "A",
            "value": "167.172.142.200",
            "weight": 0
          },
          "sensitive_attributes": [],
          "private": "bnVsbA==",
          "dependencies": [
            "digitalocean_domain.domain",
            "digitalocean_droplet.k3vinwvng",
            "digitalocean_ssh_key.k3vinwvng"
          ]
        }
      ]
    },
    {
      "mode": "managed",
      "type": "digitalocean_ssh_key",
      "name": "k3vinwvng",
      "provider": "provider[\"registry.terraform.io/digitalocean/digitalocean\"]",
      "instances": [
        {
          "schema_version": 0,
          "attributes": {
            "fingerprint": "ed:14:ab:c1:d8:3e:56:49:0d:77:5c:a9:af:33:d3:38",
            "id": "43317239",
            "name": "Terraform k3vinwvng",
            "public_key": "ssh-rsa AAAAB3NzaC1yc2EAAAADAQABAAABAQCjbGgeNeuZ/3GzgqQSaV5dRgJXGl6NzZFM+kxZR5sPYd10t6X4jyLCu3a6Bnvh54lrsyp28DbWVdBKvlD7yFS5gF2r/zmezt9hWOcPxIES+jRiZUXxdTtK/tBPP+zJXUarlKkpp3uWpIBSD9iyszVIEHGDt/NC3xkqFWjjO/j1dM9WfEFVNcijgnZDAAxtMzsIwrvRqf/CuP0npm3+agorwdbYY+P+ySR7S2G/ygkmubnm+QE715IQCrku5H262rCdGBt57LM0XSLutzSGO1o4PtlEzGY4012iOSeR6xakc2yS3cViRiNIhxnyjcKm1OfkYxokqAnYYdO02Zib2mgz rsa-key-20240908"
          },
          "sensitive_attributes": [],
          "private": "bnVsbA=="
        }
      ]
    }
  ],
  "check_results": null
}
