{
  "version": 4,
  "terraform_version": "1.9.5",
  "serial": 27,
  "lineage": "595aae1e-f619-0982-32ca-9dc19b81ab4b",
  "outputs": {
    "droplet_ip": {
      "value": "206.189.206.164",
      "type": "string"
    }
  },
  "resources": [
    {
      "mode": "managed",
      "type": "digitalocean_domain",
      "name": "domain",
      "provider": "provider[\"registry.terraform.io/digitalocean/digitalocean\"]",
      "instances": [
        {
          "schema_version": 0,
          "attributes": {
            "id": "k3vinwvng.com",
            "ip_address": null,
            "name": "k3vinwvng.com",
            "ttl": 1800,
            "urn": "do:domain:k3vinwvng.com"
          },
          "sensitive_attributes": [],
          "private": "bnVsbA=="
        }
      ]
    }
  ],
  "check_results": null
}
